PODS:
  - Specta (1.0.7)
  - SSCategoriesSDK (0.4.5):
    - SSCategoriesSDK/SSFoundation (= 0.4.5)
    - SSCategoriesSDK/SSTools (= 0.4.5)
    - SSCategoriesSDK/SSUIKit (= 0.4.5)
  - SSCategoriesSDK/SSFoundation (0.4.5)
  - SSCategoriesSDK/SSTools (0.4.5)
  - SSCategoriesSDK/SSUIKit (0.4.5):
    - SSCategoriesSDK/SSTools

DEPENDENCIES:
  - Specta
  - SSCategoriesSDK (from `../`)

SPEC REPOS:
  https://github.com/CocoaPods/Specs.git:
    - Specta

EXTERNAL SOURCES:
  SSCategoriesSDK:
    :path: "../"

SPEC CHECKSUMS:
  Specta: 3e1bd89c3517421982dc4d1c992503e48bd5fe66
  SSCategoriesSDK: 1a4ac47c8f5a7c9caeb1f4e185e2dbe8a1e4cb4d

PODFILE CHECKSUM: b62ee49a263d8de35ea1143be9e63b858a2ebdb8

COCOAPODS: 1.5.0
